
Microsoft Visual Studio Solution File, Format Version 12.00
# Visual Studio 15
VisualStudioVersion = 15.0.28307.421
MinimumVisualStudioVersion = 10.0.40219.1
Project("{FAE04EC0-301F-11D3-BF4B-00C04F79EFBC}") = "WindowsFormsApp15", "WindowsFormsApp15\WindowsFormsApp15.csproj", "{8BDDE18E-84BE-4465-A819-12ADD30BAABD}"
EndProject
Global
	GlobalSection(SolutionConfigurationPlatforms) = preSolution
		Debug|Any CPU = Debug|Any CPU
		Release|Any CPU = Release|Any CPU
	EndGlobalSection
	GlobalSection(ProjectConfigurationPlatforms) = postSolution
		{8BDDE18E-84BE-4465-A819-12ADD30BAABD}.Debug|Any CPU.ActiveCfg = Debug|Any CPU
		{8BDDE18E-84BE-4465-A819-12ADD30BAABD}.Debug|Any CPU.Build.0 = Debug|Any CPU
		{8BDDE18E-84BE-4465-A819-12ADD30BAABD}.Release|Any CPU.ActiveCfg = Release|Any CPU
		{8BDDE18E-84BE-4465-A819-12ADD30BAABD}.Release|Any CPU.Build.0 = Release|Any CPU
	EndGlobalSection
	GlobalSection(SolutionProperties) = preSolution
		HideSolutionNode = FALSE
	EndGlobalSection
	GlobalSection(ExtensibilityGlobals) = postSolution
		SolutionGuid = {DECF6B22-0B3D-48A9-8E70-DE18F3DE8037}
	EndGlobalSection
EndGlobal
